// !$*UTF8*$!
{
	archiveVersion = 1;
	classes = {
	};
	objectVersion = 55;
	objects = {

/* Begin PBXBuildFile section */
		4225BD93292825A400FA5264 /* GFRepoItemViewController.swift in Sources */ = {isa = PBXBuildFile; fileRef = 4225BD92292825A400FA5264 /* GFRepoItemViewController.swift */; };
		4225BD952928367700FA5264 /* GFFollowersItemViewController.swift in Sources */ = {isa = PBXBuildFile; fileRef = 4225BD942928367700FA5264 /* GFFollowersItemViewController.swift */; };
		4225BD9729297C4500FA5264 /* Date+Extension.swift in Sources */ = {isa = PBXBuildFile; fileRef = 4225BD9629297C4500FA5264 /* Date+Extension.swift */; };
		4225BD9C292E8AE800FA5264 /* PersistanceManager.swift in Sources */ = {isa = PBXBuildFile; fileRef = 4225BD9B292E8AE800FA5264 /* PersistanceManager.swift */; };
		4225BD9E2930E83100FA5264 /* FavoritesCell.swift in Sources */ = {isa = PBXBuildFile; fileRef = 4225BD9D2930E83100FA5264 /* FavoritesCell.swift */; };
		4225BDA129322F7D00FA5264 /* GFTabBarController.swift in Sources */ = {isa = PBXBuildFile; fileRef = 4225BDA029322F7D00FA5264 /* GFTabBarController.swift */; };
		42275D8128ECD29D0016C323 /* User.swift in Sources */ = {isa = PBXBuildFile; fileRef = 42275D8028ECD29D0016C323 /* User.swift */; };
		42275D8328ECD6D60016C323 /* Follower.swift in Sources */ = {isa = PBXBuildFile; fileRef = 42275D8228ECD6D60016C323 /* Follower.swift */; };
		42275D8628F0722E0016C323 /* NetworkManager.swift in Sources */ = {isa = PBXBuildFile; fileRef = 42275D8528F0722E0016C323 /* NetworkManager.swift */; };
		42275D8928F20EBF0016C323 /* ErrorMessage.swift in Sources */ = {isa = PBXBuildFile; fileRef = 42275D8828F20EBF0016C323 /* ErrorMessage.swift */; };
		42275D8C28F2C2ED0016C323 /* FollowerCell.swift in Sources */ = {isa = PBXBuildFile; fileRef = 42275D8B28F2C2ED0016C323 /* FollowerCell.swift */; };
		42275D8E28F2C4650016C323 /* GFAvatarImageView.swift in Sources */ = {isa = PBXBuildFile; fileRef = 42275D8D28F2C4650016C323 /* GFAvatarImageView.swift */; };
		42275D9028F7E8090016C323 /* UIHelpers.swift in Sources */ = {isa = PBXBuildFile; fileRef = 42275D8F28F7E8090016C323 /* UIHelpers.swift */; };
		422A5B5128D26EEA004126F2 /* GFBodyLabel.swift in Sources */ = {isa = PBXBuildFile; fileRef = 422A5B5028D26EEA004126F2 /* GFBodyLabel.swift */; };
		423ABC79290DC67600FC65F6 /* UserInfoViewController.swift in Sources */ = {isa = PBXBuildFile; fileRef = 423ABC78290DC67600FC65F6 /* UserInfoViewController.swift */; };
		4240814B28B2CDB00067E12F /* FollowerListViewController.swift in Sources */ = {isa = PBXBuildFile; fileRef = 4240814A28B2CDB00067E12F /* FollowerListViewController.swift */; };
		42476BB6290C2C4900986262 /* GFEmptyStateView.swift in Sources */ = {isa = PBXBuildFile; fileRef = 42476BB5290C2C4900986262 /* GFEmptyStateView.swift */; };
		424D069428C49DF9009B4ABD /* GFTitleLabel.swift in Sources */ = {isa = PBXBuildFile; fileRef = 424D069328C49DF9009B4ABD /* GFTitleLabel.swift */; };
		426879122937F426005AC0EA /* GFAlertContainerView.swift in Sources */ = {isa = PBXBuildFile; fileRef = 426879112937F426005AC0EA /* GFAlertContainerView.swift */; };
		42687915293B2BCA005AC0EA /* GFDataLoadingViewController.swift in Sources */ = {isa = PBXBuildFile; fileRef = 42687914293B2BCA005AC0EA /* GFDataLoadingViewController.swift */; };
		42716780291456B40042FDF7 /* GFSecondaryLabel.swift in Sources */ = {isa = PBXBuildFile; fileRef = 4271677F291456B40042FDF7 /* GFSecondaryLabel.swift */; };
		42716782291924160042FDF7 /* GFUserInfoHeaderViewController.swift in Sources */ = {isa = PBXBuildFile; fileRef = 42716781291924160042FDF7 /* GFUserInfoHeaderViewController.swift */; };
		427167842919B1A10042FDF7 /* Constants.swift in Sources */ = {isa = PBXBuildFile; fileRef = 427167832919B1A10042FDF7 /* Constants.swift */; };
		42716786292199600042FDF7 /* GFItemInfoView.swift in Sources */ = {isa = PBXBuildFile; fileRef = 42716785292199600042FDF7 /* GFItemInfoView.swift */; };
		427350B929466BB700049FAB /* UIView+Extension.swift in Sources */ = {isa = PBXBuildFile; fileRef = 427350B829466BB700049FAB /* UIView+Extension.swift */; };
		427350BB294767A800049FAB /* UITableView+Extension.swift in Sources */ = {isa = PBXBuildFile; fileRef = 427350BA294767A800049FAB /* UITableView+Extension.swift */; };
		427C45B62924B9FD00C4EC50 /* GFItemInfoViewController.swift in Sources */ = {isa = PBXBuildFile; fileRef = 427C45B52924B9FD00C4EC50 /* GFItemInfoViewController.swift */; };
		4292A88728AEDBB2002597AB /* GFButton.swift in Sources */ = {isa = PBXBuildFile; fileRef = 4292A88628AEDBB2002597AB /* GFButton.swift */; };
		4292A88928B1798A002597AB /* GFTextFiled.swift in Sources */ = {isa = PBXBuildFile; fileRef = 4292A88828B1798A002597AB /* GFTextFiled.swift */; };
		42CAB15128DCFE1800CDD0A9 /* GFAlertViewController.swift in Sources */ = {isa = PBXBuildFile; fileRef = 42CAB15028DCFE1800CDD0A9 /* GFAlertViewController.swift */; };
		42ED219D28E784550041CF42 /* UIVIewController+Extension.swift in Sources */ = {isa = PBXBuildFile; fileRef = 42ED219C28E784550041CF42 /* UIVIewController+Extension.swift */; };
		42F8C1D628A8C339007CCDC1 /* AppDelegate.swift in Sources */ = {isa = PBXBuildFile; fileRef = 42F8C1D528A8C339007CCDC1 /* AppDelegate.swift */; };
		42F8C1D828A8C339007CCDC1 /* SceneDelegate.swift in Sources */ = {isa = PBXBuildFile; fileRef = 42F8C1D728A8C339007CCDC1 /* SceneDelegate.swift */; };
		42F8C1DF28A8C33A007CCDC1 /* Assets.xcassets in Resources */ = {isa = PBXBuildFile; fileRef = 42F8C1DE28A8C33A007CCDC1 /* Assets.xcassets */; };
		42F8C1E228A8C33A007CCDC1 /* LaunchScreen.storyboard in Resources */ = {isa = PBXBuildFile; fileRef = 42F8C1E028A8C33A007CCDC1 /* LaunchScreen.storyboard */; };
		42F8C1EA28A93F2C007CCDC1 /* SearchViewController.swift in Sources */ = {isa = PBXBuildFile; fileRef = 42F8C1E928A93F2C007CCDC1 /* SearchViewController.swift */; };
		42F8C1ED28A93F96007CCDC1 /* FavoritesViewController.swift in Sources */ = {isa = PBXBuildFile; fileRef = 42F8C1EC28A93F96007CCDC1 /* FavoritesViewController.swift */; };
/* End PBXBuildFile section */

/* Begin PBXFileReference section */
		4225BD92292825A400FA5264 /* GFRepoItemViewController.swift */ = {isa = PBXFileReference; lastKnownFileType = sourcecode.swift; path = GFRepoItemViewController.swift; sourceTree = "<group>"; };
		4225BD942928367700FA5264 /* GFFollowersItemViewController.swift */ = {isa = PBXFileReference; lastKnownFileType = sourcecode.swift; path = GFFollowersItemViewController.swift; sourceTree = "<group>"; };
		4225BD9629297C4500FA5264 /* Date+Extension.swift */ = {isa = PBXFileReference; lastKnownFileType = sourcecode.swift; path = "Date+Extension.swift"; sourceTree = "<group>"; };
		4225BD9A292D076900FA5264 /* TODO.md */ = {isa = PBXFileReference; lastKnownFileType = net.daringfireball.markdown; path = TODO.md; sourceTree = "<group>"; };
		4225BD9B292E8AE800FA5264 /* PersistanceManager.swift */ = {isa = PBXFileReference; lastKnownFileType = sourcecode.swift; path = PersistanceManager.swift; sourceTree = "<group>"; };
		4225BD9D2930E83100FA5264 /* FavoritesCell.swift */ = {isa = PBXFileReference; lastKnownFileType = sourcecode.swift; path = FavoritesCell.swift; sourceTree = "<group>"; };
		4225BDA029322F7D00FA5264 /* GFTabBarController.swift */ = {isa = PBXFileReference; lastKnownFileType = sourcecode.swift; path = GFTabBarController.swift; sourceTree = "<group>"; };
		42275D8028ECD29D0016C323 /* User.swift */ = {isa = PBXFileReference; lastKnownFileType = sourcecode.swift; path = User.swift; sourceTree = "<group>"; };
		42275D8228ECD6D60016C323 /* Follower.swift */ = {isa = PBXFileReference; lastKnownFileType = sourcecode.swift; path = Follower.swift; sourceTree = "<group>"; };
		42275D8528F0722E0016C323 /* NetworkManager.swift */ = {isa = PBXFileReference; lastKnownFileType = sourcecode.swift; path = NetworkManager.swift; sourceTree = "<group>"; };
		42275D8828F20EBF0016C323 /* ErrorMessage.swift */ = {isa = PBXFileReference; lastKnownFileType = sourcecode.swift; path = ErrorMessage.swift; sourceTree = "<group>"; };
		42275D8B28F2C2ED0016C323 /* FollowerCell.swift */ = {isa = PBXFileReference; lastKnownFileType = sourcecode.swift; path = FollowerCell.swift; sourceTree = "<group>"; };
		42275D8D28F2C4650016C323 /* GFAvatarImageView.swift */ = {isa = PBXFileReference; lastKnownFileType = sourcecode.swift; path = GFAvatarImageView.swift; sourceTree = "<group>"; };
		42275D8F28F7E8090016C323 /* UIHelpers.swift */ = {isa = PBXFileReference; lastKnownFileType = sourcecode.swift; path = UIHelpers.swift; sourceTree = "<group>"; };
		422A5B5028D26EEA004126F2 /* GFBodyLabel.swift */ = {isa = PBXFileReference; lastKnownFileType = sourcecode.swift; path = GFBodyLabel.swift; sourceTree = "<group>"; };
		423ABC78290DC67600FC65F6 /* UserInfoViewController.swift */ = {isa = PBXFileReference; lastKnownFileType = sourcecode.swift; path = UserInfoViewController.swift; sourceTree = "<group>"; };
		4240814A28B2CDB00067E12F /* FollowerListViewController.swift */ = {isa = PBXFileReference; lastKnownFileType = sourcecode.swift; path = FollowerListViewController.swift; sourceTree = "<group>"; };
		42476BB5290C2C4900986262 /* GFEmptyStateView.swift */ = {isa = PBXFileReference; lastKnownFileType = sourcecode.swift; path = GFEmptyStateView.swift; sourceTree = "<group>"; };
		424D069328C49DF9009B4ABD /* GFTitleLabel.swift */ = {isa = PBXFileReference; lastKnownFileType = sourcecode.swift; path = GFTitleLabel.swift; sourceTree = "<group>"; };
		426879112937F426005AC0EA /* GFAlertContainerView.swift */ = {isa = PBXFileReference; lastKnownFileType = sourcecode.swift; path = GFAlertContainerView.swift; sourceTree = "<group>"; };
		42687914293B2BCA005AC0EA /* GFDataLoadingViewController.swift */ = {isa = PBXFileReference; lastKnownFileType = sourcecode.swift; path = GFDataLoadingViewController.swift; sourceTree = "<group>"; };
		4271677F291456B40042FDF7 /* GFSecondaryLabel.swift */ = {isa = PBXFileReference; lastKnownFileType = sourcecode.swift; path = GFSecondaryLabel.swift; sourceTree = "<group>"; };
		42716781291924160042FDF7 /* GFUserInfoHeaderViewController.swift */ = {isa = PBXFileReference; lastKnownFileType = sourcecode.swift; path = GFUserInfoHeaderViewController.swift; sourceTree = "<group>"; };
		427167832919B1A10042FDF7 /* Constants.swift */ = {isa = PBXFileReference; lastKnownFileType = sourcecode.swift; path = Constants.swift; sourceTree = "<group>"; };
		42716785292199600042FDF7 /* GFItemInfoView.swift */ = {isa = PBXFileReference; lastKnownFileType = sourcecode.swift; path = GFItemInfoView.swift; sourceTree = "<group>"; };
		427350B829466BB700049FAB /* UIView+Extension.swift */ = {isa = PBXFileReference; lastKnownFileType = sourcecode.swift; path = "UIView+Extension.swift"; sourceTree = "<group>"; };
		427350BA294767A800049FAB /* UITableView+Extension.swift */ = {isa = PBXFileReference; lastKnownFileType = sourcecode.swift; path = "UITableView+Extension.swift"; sourceTree = "<group>"; };
		427C45B52924B9FD00C4EC50 /* GFItemInfoViewController.swift */ = {isa = PBXFileReference; lastKnownFileType = sourcecode.swift; path = GFItemInfoViewController.swift; sourceTree = "<group>"; };
		4292A88628AEDBB2002597AB /* GFButton.swift */ = {isa = PBXFileReference; lastKnownFileType = sourcecode.swift; path = GFButton.swift; sourceTree = "<group>"; };
		4292A88828B1798A002597AB /* GFTextFiled.swift */ = {isa = PBXFileReference; lastKnownFileType = sourcecode.swift; path = GFTextFiled.swift; sourceTree = "<group>"; };
		42CAB15028DCFE1800CDD0A9 /* GFAlertViewController.swift */ = {isa = PBXFileReference; lastKnownFileType = sourcecode.swift; path = GFAlertViewController.swift; sourceTree = "<group>"; };
		42ED219C28E784550041CF42 /* UIVIewController+Extension.swift */ = {isa = PBXFileReference; lastKnownFileType = sourcecode.swift; path = "UIVIewController+Extension.swift"; sourceTree = "<group>"; };
		42F8C1D228A8C339007CCDC1 /* GHFollowers.app */ = {isa = PBXFileReference; explicitFileType = wrapper.application; includeInIndex = 0; path = GHFollowers.app; sourceTree = BUILT_PRODUCTS_DIR; };
		42F8C1D528A8C339007CCDC1 /* AppDelegate.swift */ = {isa = PBXFileReference; lastKnownFileType = sourcecode.swift; path = AppDelegate.swift; sourceTree = "<group>"; };
		42F8C1D728A8C339007CCDC1 /* SceneDelegate.swift */ = {isa = PBXFileReference; lastKnownFileType = sourcecode.swift; path = SceneDelegate.swift; sourceTree = "<group>"; };
		42F8C1DE28A8C33A007CCDC1 /* Assets.xcassets */ = {isa = PBXFileReference; lastKnownFileType = folder.assetcatalog; path = Assets.xcassets; sourceTree = "<group>"; };
		42F8C1E128A8C33A007CCDC1 /* Base */ = {isa = PBXFileReference; lastKnownFileType = file.storyboard; name = Base; path = Base.lproj/LaunchScreen.storyboard; sourceTree = "<group>"; };
		42F8C1E328A8C33A007CCDC1 /* Info.plist */ = {isa = PBXFileReference; lastKnownFileType = text.plist.xml; path = Info.plist; sourceTree = "<group>"; };
		42F8C1E928A93F2C007CCDC1 /* SearchViewController.swift */ = {isa = PBXFileReference; lastKnownFileType = sourcecode.swift; path = SearchViewController.swift; sourceTree = "<group>"; };
		42F8C1EC28A93F96007CCDC1 /* FavoritesViewController.swift */ = {isa = PBXFileReference; lastKnownFileType = sourcecode.swift; path = FavoritesViewController.swift; sourceTree = "<group>"; };
/* End PBXFileReference section */

/* Begin PBXFrameworksBuildPhase section */
		42F8C1CF28A8C339007CCDC1 /* Frameworks */ = {
			isa = PBXFrameworksBuildPhase;
			buildActionMask = 2147483647;
			files = (
			);
			runOnlyForDeploymentPostprocessing = 0;
		};
/* End PBXFrameworksBuildPhase section */

/* Begin PBXGroup section */
		4225BD9F29322F4500FA5264 /* TabBarControllers */ = {
			isa = PBXGroup;
			children = (
				4225BDA029322F7D00FA5264 /* GFTabBarController.swift */,
			);
			path = TabBarControllers;
			sourceTree = "<group>";
		};
		42275D7B28EAE2E10016C323 /* Screens */ = {
			isa = PBXGroup;
			children = (
				42F8C1E928A93F2C007CCDC1 /* SearchViewController.swift */,
				4240814A28B2CDB00067E12F /* FollowerListViewController.swift */,
				42F8C1EC28A93F96007CCDC1 /* FavoritesViewController.swift */,
				423ABC78290DC67600FC65F6 /* UserInfoViewController.swift */,
			);
			path = Screens;
			sourceTree = "<group>";
		};
		42275D7C28EAE2F50016C323 /* Custom Views */ = {
			isa = PBXGroup;
			children = (
				4225BD9F29322F4500FA5264 /* TabBarControllers */,
				42476BB4290C114E00986262 /* Labels */,
				42476BB3290C10E700986262 /* Views */,
				42476BB2290C10D900986262 /* Buttons */,
				42476BB1290C10CB00986262 /* TextFields */,
				42476BB0290C10B900986262 /* ImageViews */,
				42476BAF290C10AD00986262 /* ViewControllers */,
				42275D8A28F2C2C30016C323 /* Cells */,
			);
			path = "Custom Views";
			sourceTree = "<group>";
		};
		42275D7D28EAE38F0016C323 /* Extensions */ = {
			isa = PBXGroup;
			children = (
				42ED219C28E784550041CF42 /* UIVIewController+Extension.swift */,
				4225BD9629297C4500FA5264 /* Date+Extension.swift */,
				427350B829466BB700049FAB /* UIView+Extension.swift */,
				427350BA294767A800049FAB /* UITableView+Extension.swift */,
			);
			path = Extensions;
			sourceTree = "<group>";
		};
		42275D7E28EC83290016C323 /* Support */ = {
			isa = PBXGroup;
			children = (
				42F8C1D528A8C339007CCDC1 /* AppDelegate.swift */,
				42F8C1D728A8C339007CCDC1 /* SceneDelegate.swift */,
				42F8C1DE28A8C33A007CCDC1 /* Assets.xcassets */,
				42F8C1E028A8C33A007CCDC1 /* LaunchScreen.storyboard */,
			);
			path = Support;
			sourceTree = "<group>";
		};
		42275D7F28ECD2830016C323 /* Model */ = {
			isa = PBXGroup;
			children = (
				42275D8028ECD29D0016C323 /* User.swift */,
				42275D8228ECD6D60016C323 /* Follower.swift */,
			);
			path = Model;
			sourceTree = "<group>";
		};
		42275D8428F0721B0016C323 /* Managers */ = {
			isa = PBXGroup;
			children = (
				42275D8528F0722E0016C323 /* NetworkManager.swift */,
				4225BD9B292E8AE800FA5264 /* PersistanceManager.swift */,
			);
			path = Managers;
			sourceTree = "<group>";
		};
		42275D8728F20EAB0016C323 /* Utilities */ = {
			isa = PBXGroup;
			children = (
				42275D8828F20EBF0016C323 /* ErrorMessage.swift */,
				42275D8F28F7E8090016C323 /* UIHelpers.swift */,
				427167832919B1A10042FDF7 /* Constants.swift */,
			);
			path = Utilities;
			sourceTree = "<group>";
		};
		42275D8A28F2C2C30016C323 /* Cells */ = {
			isa = PBXGroup;
			children = (
				42275D8B28F2C2ED0016C323 /* FollowerCell.swift */,
				4225BD9D2930E83100FA5264 /* FavoritesCell.swift */,
			);
			path = Cells;
			sourceTree = "<group>";
		};
		42476BAF290C10AD00986262 /* ViewControllers */ = {
			isa = PBXGroup;
			children = (
				42687913293B2B7A005AC0EA /* IItemInfoVCs */,
				42CAB15028DCFE1800CDD0A9 /* GFAlertViewController.swift */,
				42716781291924160042FDF7 /* GFUserInfoHeaderViewController.swift */,
				42687914293B2BCA005AC0EA /* GFDataLoadingViewController.swift */,
			);
			path = ViewControllers;
			sourceTree = "<group>";
		};
		42476BB0290C10B900986262 /* ImageViews */ = {
			isa = PBXGroup;
			children = (
				42275D8D28F2C4650016C323 /* GFAvatarImageView.swift */,
			);
			path = ImageViews;
			sourceTree = "<group>";
		};
		42476BB1290C10CB00986262 /* TextFields */ = {
			isa = PBXGroup;
			children = (
				4292A88828B1798A002597AB /* GFTextFiled.swift */,
			);
			path = TextFields;
			sourceTree = "<group>";
		};
		42476BB2290C10D900986262 /* Buttons */ = {
			isa = PBXGroup;
			children = (
				4292A88628AEDBB2002597AB /* GFButton.swift */,
			);
			path = Buttons;
			sourceTree = "<group>";
		};
		42476BB3290C10E700986262 /* Views */ = {
			isa = PBXGroup;
			children = (
				42476BB5290C2C4900986262 /* GFEmptyStateView.swift */,
				42716785292199600042FDF7 /* GFItemInfoView.swift */,
				426879112937F426005AC0EA /* GFAlertContainerView.swift */,
			);
			path = Views;
			sourceTree = "<group>";
		};
		42476BB4290C114E00986262 /* Labels */ = {
			isa = PBXGroup;
			children = (
				422A5B5028D26EEA004126F2 /* GFBodyLabel.swift */,
				4271677F291456B40042FDF7 /* GFSecondaryLabel.swift */,
				424D069328C49DF9009B4ABD /* GFTitleLabel.swift */,
			);
			path = Labels;
			sourceTree = "<group>";
		};
		42687913293B2B7A005AC0EA /* IItemInfoVCs */ = {
			isa = PBXGroup;
			children = (
				427C45B52924B9FD00C4EC50 /* GFItemInfoViewController.swift */,
				4225BD92292825A400FA5264 /* GFRepoItemViewController.swift */,
				4225BD942928367700FA5264 /* GFFollowersItemViewController.swift */,
			);
			path = IItemInfoVCs;
			sourceTree = "<group>";
		};
		42F8C1C928A8C339007CCDC1 = {
			isa = PBXGroup;
			children = (
				4225BD9A292D076900FA5264 /* TODO.md */,
				42F8C1D428A8C339007CCDC1 /* GHFollowers */,
				42F8C1D328A8C339007CCDC1 /* Products */,
			);
			sourceTree = "<group>";
		};
		42F8C1D328A8C339007CCDC1 /* Products */ = {
			isa = PBXGroup;
			children = (
				42F8C1D228A8C339007CCDC1 /* GHFollowers.app */,
			);
			name = Products;
			sourceTree = "<group>";
		};
		42F8C1D428A8C339007CCDC1 /* GHFollowers */ = {
			isa = PBXGroup;
			children = (
				42275D8728F20EAB0016C323 /* Utilities */,
				42275D8428F0721B0016C323 /* Managers */,
				42275D7F28ECD2830016C323 /* Model */,
				42275D7D28EAE38F0016C323 /* Extensions */,
				42275D7C28EAE2F50016C323 /* Custom Views */,
				42275D7B28EAE2E10016C323 /* Screens */,
				42275D7E28EC83290016C323 /* Support */,
				42F8C1E328A8C33A007CCDC1 /* Info.plist */,
			);
			path = GHFollowers;
			sourceTree = "<group>";
		};
/* End PBXGroup section */

/* Begin PBXNativeTarget section */
		42F8C1D128A8C339007CCDC1 /* GHFollowers */ = {
			isa = PBXNativeTarget;
			buildConfigurationList = 42F8C1E628A8C33A007CCDC1 /* Build configuration list for PBXNativeTarget "GHFollowers" */;
			buildPhases = (
				42F8C1CE28A8C339007CCDC1 /* Sources */,
				42F8C1CF28A8C339007CCDC1 /* Frameworks */,
				42F8C1D028A8C339007CCDC1 /* Resources */,
			);
			buildRules = (
			);
			dependencies = (
			);
			name = GHFollowers;
			productName = GHFollowers;
			productReference = 42F8C1D228A8C339007CCDC1 /* GHFollowers.app */;
			productType = "com.apple.product-type.application";
		};
/* End PBXNativeTarget section */

/* Begin PBXProject section */
		42F8C1CA28A8C339007CCDC1 /* Project object */ = {
			isa = PBXProject;
			attributes = {
				BuildIndependentTargetsInParallel = 1;
				LastSwiftUpdateCheck = 1340;
				LastUpgradeCheck = 1340;
				TargetAttributes = {
					42F8C1D128A8C339007CCDC1 = {
						CreatedOnToolsVersion = 13.4.1;
					};
				};
			};
			buildConfigurationList = 42F8C1CD28A8C339007CCDC1 /* Build configuration list for PBXProject "GHFollowers" */;
			compatibilityVersion = "Xcode 13.0";
			developmentRegion = en;
			hasScannedForEncodings = 0;
			knownRegions = (
				en,
				Base,
			);
			mainGroup = 42F8C1C928A8C339007CCDC1;
			productRefGroup = 42F8C1D328A8C339007CCDC1 /* Products */;
			projectDirPath = "";
			projectRoot = "";
			targets = (
				42F8C1D128A8C339007CCDC1 /* GHFollowers */,
			);
		};
/* End PBXProject section */

/* Begin PBXResourcesBuildPhase section */
		42F8C1D028A8C339007CCDC1 /* Resources */ = {
			isa = PBXResourcesBuildPhase;
			buildActionMask = 2147483647;
			files = (
				42F8C1E228A8C33A007CCDC1 /* LaunchScreen.storyboard in Resources */,
				42F8C1DF28A8C33A007CCDC1 /* Assets.xcassets in Resources */,
			);
			runOnlyForDeploymentPostprocessing = 0;
		};
/* End PBXResourcesBuildPhase section */

/* Begin PBXSourcesBuildPhase section */
		42F8C1CE28A8C339007CCDC1 /* Sources */ = {
			isa = PBXSourcesBuildPhase;
			buildActionMask = 2147483647;
			files = (
				42716780291456B40042FDF7 /* GFSecondaryLabel.swift in Sources */,
				42CAB15128DCFE1800CDD0A9 /* GFAlertViewController.swift in Sources */,
				427350BB294767A800049FAB /* UITableView+Extension.swift in Sources */,
				4225BD9E2930E83100FA5264 /* FavoritesCell.swift in Sources */,
				4292A88928B1798A002597AB /* GFTextFiled.swift in Sources */,
				42476BB6290C2C4900986262 /* GFEmptyStateView.swift in Sources */,
				42F8C1EA28A93F2C007CCDC1 /* SearchViewController.swift in Sources */,
				4225BD952928367700FA5264 /* GFFollowersItemViewController.swift in Sources */,
				4292A88728AEDBB2002597AB /* GFButton.swift in Sources */,
				4225BD93292825A400FA5264 /* GFRepoItemViewController.swift in Sources */,
				4240814B28B2CDB00067E12F /* FollowerListViewController.swift in Sources */,
				42275D9028F7E8090016C323 /* UIHelpers.swift in Sources */,
				42275D8E28F2C4650016C323 /* GFAvatarImageView.swift in Sources */,
				423ABC79290DC67600FC65F6 /* UserInfoViewController.swift in Sources */,
				42716786292199600042FDF7 /* GFItemInfoView.swift in Sources */,
				422A5B5128D26EEA004126F2 /* GFBodyLabel.swift in Sources */,
				424D069428C49DF9009B4ABD /* GFTitleLabel.swift in Sources */,
				4225BDA129322F7D00FA5264 /* GFTabBarController.swift in Sources */,
				4225BD9C292E8AE800FA5264 /* PersistanceManager.swift in Sources */,
				42716782291924160042FDF7 /* GFUserInfoHeaderViewController.swift in Sources */,
				42275D8C28F2C2ED0016C323 /* FollowerCell.swift in Sources */,
				42275D8928F20EBF0016C323 /* ErrorMessage.swift in Sources */,
				426879122937F426005AC0EA /* GFAlertContainerView.swift in Sources */,
				42275D8328ECD6D60016C323 /* Follower.swift in Sources */,
				42687915293B2BCA005AC0EA /* GFDataLoadingViewController.swift in Sources */,
				427350B929466BB700049FAB /* UIView+Extension.swift in Sources */,
				42F8C1D628A8C339007CCDC1 /* AppDelegate.swift in Sources */,
				42275D8128ECD29D0016C323 /* User.swift in Sources */,
				42275D8628F0722E0016C323 /* NetworkManager.swift in Sources */,
				42ED219D28E784550041CF42 /* UIVIewController+Extension.swift in Sources */,
				427C45B62924B9FD00C4EC50 /* GFItemInfoViewController.swift in Sources */,
				42F8C1ED28A93F96007CCDC1 /* FavoritesViewController.swift in Sources */,
				4225BD9729297C4500FA5264 /* Date+Extension.swift in Sources */,
				42F8C1D828A8C339007CCDC1 /* SceneDelegate.swift in Sources */,
				427167842919B1A10042FDF7 /* Constants.swift in Sources */,
			);
			runOnlyForDeploymentPostprocessing = 0;
		};
/* End PBXSourcesBuildPhase section */

/* Begin PBXVariantGroup section */
		42F8C1E028A8C33A007CCDC1 /* LaunchScreen.storyboard */ = {
			isa = PBXVariantGroup;
			children = (
				42F8C1E128A8C33A007CCDC1 /* Base */,
			);
			name = LaunchScreen.storyboard;
			sourceTree = "<group>";
		};
/* End PBXVariantGroup section */

/* Begin XCBuildConfiguration section */
		42F8C1E428A8C33A007CCDC1 /* Debug */ = {
			isa = XCBuildConfiguration;
			buildSettings = {
				ALWAYS_SEARCH_USER_PATHS = NO;
				CLANG_ANALYZER_NONNULL = YES;
				CLANG_ANALYZER_NUMBER_OBJECT_CONVERSION = YES_AGGRESSIVE;
				CLANG_CXX_LANGUAGE_STANDARD = "gnu++17";
				CLANG_ENABLE_MODULES = YES;
				CLANG_ENABLE_OBJC_ARC = YES;
				CLANG_ENABLE_OBJC_WEAK = YES;
				CLANG_WARN_BLOCK_CAPTURE_AUTORELEASING = YES;
				CLANG_WARN_BOOL_CONVERSION = YES;
				CLANG_WARN_COMMA = YES;
				CLANG_WARN_CONSTANT_CONVERSION = YES;
				CLANG_WARN_DEPRECATED_OBJC_IMPLEMENTATIONS = YES;
				CLANG_WARN_DIRECT_OBJC_ISA_USAGE = YES_ERROR;
				CLANG_WARN_DOCUMENTATION_COMMENTS = YES;
				CLANG_WARN_EMPTY_BODY = YES;
				CLANG_WARN_ENUM_CONVERSION = YES;
				CLANG_WARN_INFINITE_RECURSION = YES;
				CLANG_WARN_INT_CONVERSION = YES;
				CLANG_WARN_NON_LITERAL_NULL_CONVERSION = YES;
				CLANG_WARN_OBJC_IMPLICIT_RETAIN_SELF = YES;
				CLANG_WARN_OBJC_LITERAL_CONVERSION = YES;
				CLANG_WARN_OBJC_ROOT_CLASS = YES_ERROR;
				CLANG_WARN_QUOTED_INCLUDE_IN_FRAMEWORK_HEADER = YES;
				CLANG_WARN_RANGE_LOOP_ANALYSIS = YES;
				CLANG_WARN_STRICT_PROTOTYPES = YES;
				CLANG_WARN_SUSPICIOUS_MOVE = YES;
				CLANG_WARN_UNGUARDED_AVAILABILITY = YES_AGGRESSIVE;
				CLANG_WARN_UNREACHABLE_CODE = YES;
				CLANG_WARN__DUPLICATE_METHOD_MATCH = YES;
				COPY_PHASE_STRIP = NO;
				DEBUG_INFORMATION_FORMAT = dwarf;
				ENABLE_STRICT_OBJC_MSGSEND = YES;
				ENABLE_TESTABILITY = YES;
				GCC_C_LANGUAGE_STANDARD = gnu11;
				GCC_DYNAMIC_NO_PIC = NO;
				GCC_NO_COMMON_BLOCKS = YES;
				GCC_OPTIMIZATION_LEVEL = 0;
				GCC_PREPROCESSOR_DEFINITIONS = (
					"DEBUG=1",
					"$(inherited)",
				);
				GCC_WARN_64_TO_32_BIT_CONVERSION = YES;
				GCC_WARN_ABOUT_RETURN_TYPE = YES_ERROR;
				GCC_WARN_UNDECLARED_SELECTOR = YES;
				GCC_WARN_UNINITIALIZED_AUTOS = YES_AGGRESSIVE;
				GCC_WARN_UNUSED_FUNCTION = YES;
				GCC_WARN_UNUSED_VARIABLE = YES;
				IPHONEOS_DEPLOYMENT_TARGET = 13.0;
				MTL_ENABLE_DEBUG_INFO = INCLUDE_SOURCE;
				MTL_FAST_MATH = YES;
				ONLY_ACTIVE_ARCH = YES;
				SDKROOT = iphoneos;
				SWIFT_ACTIVE_COMPILATION_CONDITIONS = DEBUG;
				SWIFT_OPTIMIZATION_LEVEL = "-Onone";
			};
			name = Debug;
		};
		42F8C1E528A8C33A007CCDC1 /* Release */ = {
			isa = XCBuildConfiguration;
			buildSettings = {
				ALWAYS_SEARCH_USER_PATHS = NO;
				CLANG_ANALYZER_NONNULL = YES;
				CLANG_ANALYZER_NUMBER_OBJECT_CONVERSION = YES_AGGRESSIVE;
				CLANG_CXX_LANGUAGE_STANDARD = "gnu++17";
				CLANG_ENABLE_MODULES = YES;
				CLANG_ENABLE_OBJC_ARC = YES;
				CLANG_ENABLE_OBJC_WEAK = YES;
				CLANG_WARN_BLOCK_CAPTURE_AUTORELEASING = YES;
				CLANG_WARN_BOOL_CONVERSION = YES;
				CLANG_WARN_COMMA = YES;
				CLANG_WARN_CONSTANT_CONVERSION = YES;
				CLANG_WARN_DEPRECATED_OBJC_IMPLEMENTATIONS = YES;
				CLANG_WARN_DIRECT_OBJC_ISA_USAGE = YES_ERROR;
				CLANG_WARN_DOCUMENTATION_COMMENTS = YES;
				CLANG_WARN_EMPTY_BODY = YES;
				CLANG_WARN_ENUM_CONVERSION = YES;
				CLANG_WARN_INFINITE_RECURSION = YES;
				CLANG_WARN_INT_CONVERSION = YES;
				CLANG_WARN_NON_LITERAL_NULL_CONVERSION = YES;
				CLANG_WARN_OBJC_IMPLICIT_RETAIN_SELF = YES;
				CLANG_WARN_OBJC_LITERAL_CONVERSION = YES;
				CLANG_WARN_OBJC_ROOT_CLASS = YES_ERROR;
				CLANG_WARN_QUOTED_INCLUDE_IN_FRAMEWORK_HEADER = YES;
				CLANG_WARN_RANGE_LOOP_ANALYSIS = YES;
				CLANG_WARN_STRICT_PROTOTYPES = YES;
				CLANG_WARN_SUSPICIOUS_MOVE = YES;
				CLANG_WARN_UNGUARDED_AVAILABILITY = YES_AGGRESSIVE;
				CLANG_WARN_UNREACHABLE_CODE = YES;
				CLANG_WARN__DUPLICATE_METHOD_MATCH = YES;
				COPY_PHASE_STRIP = NO;
				DEBUG_INFORMATION_FORMAT = "dwarf-with-dsym";
				ENABLE_NS_ASSERTIONS = NO;
				ENABLE_STRICT_OBJC_MSGSEND = YES;
				GCC_C_LANGUAGE_STANDARD = gnu11;
				GCC_NO_COMMON_BLOCKS = YES;
				GCC_WARN_64_TO_32_BIT_CONVERSION = YES;
				GCC_WARN_ABOUT_RETURN_TYPE = YES_ERROR;
				GCC_WARN_UNDECLARED_SELECTOR = YES;
				GCC_WARN_UNINITIALIZED_AUTOS = YES_AGGRESSIVE;
				GCC_WARN_UNUSED_FUNCTION = YES;
				GCC_WARN_UNUSED_VARIABLE = YES;
				IPHONEOS_DEPLOYMENT_TARGET = 13.0;
				MTL_ENABLE_DEBUG_INFO = NO;
				MTL_FAST_MATH = YES;
				SDKROOT = iphoneos;
				SWIFT_COMPILATION_MODE = wholemodule;
				SWIFT_OPTIMIZATION_LEVEL = "-O";
				VALIDATE_PRODUCT = YES;
			};
			name = Release;
		};
		42F8C1E728A8C33A007CCDC1 /* Debug */ = {
			isa = XCBuildConfiguration;
			buildSettings = {
				ASSETCATALOG_COMPILER_APPICON_NAME = AppIcon;
				ASSETCATALOG_COMPILER_GLOBAL_ACCENT_COLOR_NAME = AccentColor;
				CODE_SIGN_STYLE = Automatic;
				CURRENT_PROJECT_VERSION = 1;
				DEVELOPMENT_TEAM = US9DX88L7C;
				GENERATE_INFOPLIST_FILE = YES;
				INFOPLIST_FILE = GHFollowers/Info.plist;
				INFOPLIST_KEY_UIApplicationSupportsIndirectInputEvents = YES;
				INFOPLIST_KEY_UILaunchStoryboardName = LaunchScreen;
				INFOPLIST_KEY_UISupportedInterfaceOrientations_iPad = "UIInterfaceOrientationPortrait UIInterfaceOrientationPortraitUpsideDown UIInterfaceOrientationLandscapeLeft UIInterfaceOrientationLandscapeRight";
				INFOPLIST_KEY_UISupportedInterfaceOrientations_iPhone = "UIInterfaceOrientationPortrait UIInterfaceOrientationLandscapeLeft UIInterfaceOrientationLandscapeRight";
				LD_RUNPATH_SEARCH_PATHS = (
					"$(inherited)",
					"@executable_path/Frameworks",
				);
				MARKETING_VERSION = 1.0;
				PRODUCT_BUNDLE_IDENTIFIER = com.eugeney.GHFollowers;
				PRODUCT_NAME = "$(TARGET_NAME)";
				SWIFT_EMIT_LOC_STRINGS = YES;
				SWIFT_VERSION = 5.0;
				TARGETED_DEVICE_FAMILY = "1,2";
			};
			name = Debug;
		};
		42F8C1E828A8C33A007CCDC1 /* Release */ = {
			isa = XCBuildConfiguration;
			buildSettings = {
				ASSETCATALOG_COMPILER_APPICON_NAME = AppIcon;
				ASSETCATALOG_COMPILER_GLOBAL_ACCENT_COLOR_NAME = AccentColor;
				CODE_SIGN_STYLE = Automatic;
				CURRENT_PROJECT_VERSION = 1;
				DEVELOPMENT_TEAM = US9DX88L7C;
				GENERATE_INFOPLIST_FILE = YES;
				INFOPLIST_FILE = GHFollowers/Info.plist;
				INFOPLIST_KEY_UIApplicationSupportsIndirectInputEvents = YES;
				INFOPLIST_KEY_UILaunchStoryboardName = LaunchScreen;
				INFOPLIST_KEY_UISupportedInterfaceOrientations_iPad = "UIInterfaceOrientationPortrait UIInterfaceOrientationPortraitUpsideDown UIInterfaceOrientationLandscapeLeft UIInterfaceOrientationLandscapeRight";
				INFOPLIST_KEY_UISupportedInterfaceOrientations_iPhone = "UIInterfaceOrientationPortrait UIInterfaceOrientationLandscapeLeft UIInterfaceOrientationLandscapeRight";
				LD_RUNPATH_SEARCH_PATHS = (
					"$(inherited)",
					"@executable_path/Frameworks",
				);
				MARKETING_VERSION = 1.0;
				PRODUCT_BUNDLE_IDENTIFIER = com.eugeney.GHFollowers;
				PRODUCT_NAME = "$(TARGET_NAME)";
				SWIFT_EMIT_LOC_STRINGS = YES;
				SWIFT_VERSION = 5.0;
				TARGETED_DEVICE_FAMILY = "1,2";
			};
			name = Release;
		};
/* End XCBuildConfiguration section */

/* Begin XCConfigurationList section */
		42F8C1CD28A8C339007CCDC1 /* Build configuration list for PBXProject "GHFollowers" */ = {
			isa = XCConfigurationList;
			buildConfigurations = (
				42F8C1E428A8C33A007CCDC1 /* Debug */,
				42F8C1E528A8C33A007CCDC1 /* Release */,
			);
			defaultConfigurationIsVisible = 0;
			defaultConfigurationName = Release;
		};
		42F8C1E628A8C33A007CCDC1 /* Build configuration list for PBXNativeTarget "GHFollowers" */ = {
			isa = XCConfigurationList;
			buildConfigurations = (
				42F8C1E728A8C33A007CCDC1 /* Debug */,
				42F8C1E828A8C33A007CCDC1 /* Release */,
			);
			defaultConfigurationIsVisible = 0;
			defaultConfigurationName = Release;
		};
/* End XCConfigurationList section */
	};
	rootObject = 42F8C1CA28A8C339007CCDC1 /* Project object */;
}
